
Microsoft Visual Studio Solution File, Format Version 12.00
# Visual Studio Version 17
VisualStudioVersion = 17.12.35707.178
MinimumVisualStudioVersion = 10.0.40219.1
Project("{FAE04EC0-301F-11D3-BF4B-00C04F79EFBC}") = "LoanOrigination", "LoanOrigination\LoanOrigination.csproj", "{D5E52CCC-35F8-4AD6-8C71-E4DE6B9B475E}"
EndProject
Project("{FAE04EC0-301F-11D3-BF4B-00C04F79EFBC}") = "LoanTestPrj", "LoanTestPrj\LoanTestPrj.csproj", "{CA85904C-8639-434E-98BA-882C76FD3D61}"
EndProject
Global
	GlobalSection(SolutionConfigurationPlatforms) = preSolution
		Debug|Any CPU = Debug|Any CPU
		Release|Any CPU = Release|Any CPU
	EndGlobalSection
	GlobalSection(ProjectConfigurationPlatforms) = postSolution
		{D5E52CCC-35F8-4AD6-8C71-E4DE6B9B475E}.Debug|Any CPU.ActiveCfg = Debug|Any CPU
		{D5E52CCC-35F8-4AD6-8C71-E4DE6B9B475E}.Debug|Any CPU.Build.0 = Debug|Any CPU
		{D5E52CCC-35F8-4AD6-8C71-E4DE6B9B475E}.Release|Any CPU.ActiveCfg = Release|Any CPU
		{D5E52CCC-35F8-4AD6-8C71-E4DE6B9B475E}.Release|Any CPU.Build.0 = Release|Any CPU
		{CA85904C-8639-434E-98BA-882C76FD3D61}.Debug|Any CPU.ActiveCfg = Debug|Any CPU
		{CA85904C-8639-434E-98BA-882C76FD3D61}.Debug|Any CPU.Build.0 = Debug|Any CPU
		{CA85904C-8639-434E-98BA-882C76FD3D61}.Release|Any CPU.ActiveCfg = Release|Any CPU
		{CA85904C-8639-434E-98BA-882C76FD3D61}.Release|Any CPU.Build.0 = Release|Any CPU
	EndGlobalSection
	GlobalSection(SolutionProperties) = preSolution
		HideSolutionNode = FALSE
	EndGlobalSection
EndGlobal
